// !$*UTF8*$!
{
	archiveVersion = 1;
	classes = {
	};
	objectVersion = 52;
	objects = {

/* Begin PBXBuildFile section */
		DE3A3E20258FC881002B3695 /* AppDelegate.swift in Sources */ = {isa = PBXBuildFile; fileRef = DE3A3E1F258FC881002B3695 /* AppDelegate.swift */; };
		DE3A3E22258FC881002B3695 /* SceneDelegate.swift in Sources */ = {isa = PBXBuildFile; fileRef = DE3A3E21258FC881002B3695 /* SceneDelegate.swift */; };
		DE3A3E24258FC881002B3695 /* ViewController.swift in Sources */ = {isa = PBXBuildFile; fileRef = DE3A3E23258FC881002B3695 /* ViewController.swift */; };
		DE3A3E27258FC881002B3695 /* Main.storyboard in Resources */ = {isa = PBXBuildFile; fileRef = DE3A3E25258FC881002B3695 /* Main.storyboard */; };
		DE3A3E29258FC882002B3695 /* Assets.xcassets in Resources */ = {isa = PBXBuildFile; fileRef = DE3A3E28258FC882002B3695 /* Assets.xcassets */; };
		DE3A3E2C258FC882002B3695 /* LaunchScreen.storyboard in Resources */ = {isa = PBXBuildFile; fileRef = DE3A3E2A258FC882002B3695 /* LaunchScreen.storyboard */; };
		DE3A3E36258FC904002B3695 /* Realm in Frameworks */ = {isa = PBXBuildFile; productRef = DE3A3E35258FC904002B3695 /* Realm */; };
		DE3A3E38258FC904002B3695 /* RealmSwift in Frameworks */ = {isa = PBXBuildFile; productRef = DE3A3E37258FC904002B3695 /* RealmSwift */; };
		DE3A3E3D258FCA24002B3695 /* Card.swift in Sources */ = {isa = PBXBuildFile; fileRef = DE3A3E3C258FCA24002B3695 /* Card.swift */; };
		DE3A3E41258FCA78002B3695 /* Vault.swift in Sources */ = {isa = PBXBuildFile; fileRef = DE3A3E40258FCA78002B3695 /* Vault.swift */; };
		DE3A3E45258FCC2C002B3695 /* Data_extension.swift in Sources */ = {isa = PBXBuildFile; fileRef = DE3A3E44258FCC2C002B3695 /* Data_extension.swift */; };
/* End PBXBuildFile section */

/* Begin PBXFileReference section */
		DE3A3E1C258FC881002B3695 /* DemoRealmBug.app */ = {isa = PBXFileReference; explicitFileType = wrapper.application; includeInIndex = 0; path = DemoRealmBug.app; sourceTree = BUILT_PRODUCTS_DIR; };
		DE3A3E1F258FC881002B3695 /* AppDelegate.swift */ = {isa = PBXFileReference; lastKnownFileType = sourcecode.swift; path = AppDelegate.swift; sourceTree = "<group>"; };
		DE3A3E21258FC881002B3695 /* SceneDelegate.swift */ = {isa = PBXFileReference; lastKnownFileType = sourcecode.swift; path = SceneDelegate.swift; sourceTree = "<group>"; };
		DE3A3E23258FC881002B3695 /* ViewController.swift */ = {isa = PBXFileReference; lastKnownFileType = sourcecode.swift; path = ViewController.swift; sourceTree = "<group>"; };
		DE3A3E26258FC881002B3695 /* Base */ = {isa = PBXFileReference; lastKnownFileType = file.storyboard; name = Base; path = Base.lproj/Main.storyboard; sourceTree = "<group>"; };
		DE3A3E28258FC882002B3695 /* Assets.xcassets */ = {isa = PBXFileReference; lastKnownFileType = folder.assetcatalog; path = Assets.xcassets; sourceTree = "<group>"; };
		DE3A3E2B258FC882002B3695 /* Base */ = {isa = PBXFileReference; lastKnownFileType = file.storyboard; name = Base; path = Base.lproj/LaunchScreen.storyboard; sourceTree = "<group>"; };
		DE3A3E2D258FC882002B3695 /* Info.plist */ = {isa = PBXFileReference; lastKnownFileType = text.plist.xml; path = Info.plist; sourceTree = "<group>"; };
		DE3A3E39258FC90A002B3695 /* DemoRealmBug.entitlements */ = {isa = PBXFileReference; lastKnownFileType = text.plist.entitlements; path = DemoRealmBug.entitlements; sourceTree = "<group>"; };
		DE3A3E3C258FCA24002B3695 /* Card.swift */ = {isa = PBXFileReference; lastKnownFileType = sourcecode.swift; path = Card.swift; sourceTree = "<group>"; };
		DE3A3E40258FCA78002B3695 /* Vault.swift */ = {isa = PBXFileReference; lastKnownFileType = sourcecode.swift; path = Vault.swift; sourceTree = "<group>"; };
		DE3A3E44258FCC2C002B3695 /* Data_extension.swift */ = {isa = PBXFileReference; lastKnownFileType = sourcecode.swift; path = Data_extension.swift; sourceTree = "<group>"; };
		DE3A3E47258FD7F8002B3695 /* README.md */ = {isa = PBXFileReference; lastKnownFileType = net.daringfireball.markdown; path = README.md; sourceTree = "<group>"; };
/* End PBXFileReference section */

/* Begin PBXFrameworksBuildPhase section */
		DE3A3E19258FC881002B3695 /* Frameworks */ = {
			isa = PBXFrameworksBuildPhase;
			buildActionMask = 2147483647;
			files = (
				DE3A3E38258FC904002B3695 /* RealmSwift in Frameworks */,
				DE3A3E36258FC904002B3695 /* Realm in Frameworks */,
			);
			runOnlyForDeploymentPostprocessing = 0;
		};
/* End PBXFrameworksBuildPhase section */

/* Begin PBXGroup section */
		DE3A3E13258FC881002B3695 = {
			isa = PBXGroup;
			children = (
				DE3A3E47258FD7F8002B3695 /* README.md */,
				DE3A3E1E258FC881002B3695 /* DemoRealmBug */,
				DE3A3E1D258FC881002B3695 /* Products */,
			);
			sourceTree = "<group>";
		};
		DE3A3E1D258FC881002B3695 /* Products */ = {
			isa = PBXGroup;
			children = (
				DE3A3E1C258FC881002B3695 /* DemoRealmBug.app */,
			);
			name = Products;
			sourceTree = "<group>";
		};
		DE3A3E1E258FC881002B3695 /* DemoRealmBug */ = {
			isa = PBXGroup;
			children = (
				DE3A3E39258FC90A002B3695 /* DemoRealmBug.entitlements */,
				DE3A3E1F258FC881002B3695 /* AppDelegate.swift */,
				DE3A3E21258FC881002B3695 /* SceneDelegate.swift */,
				DE3A3E23258FC881002B3695 /* ViewController.swift */,
				DE3A3E25258FC881002B3695 /* Main.storyboard */,
				DE3A3E28258FC882002B3695 /* Assets.xcassets */,
				DE3A3E2A258FC882002B3695 /* LaunchScreen.storyboard */,
				DE3A3E2D258FC882002B3695 /* Info.plist */,
				DE3A3E3F258FCA6A002B3695 /* Realm */,
			);
			path = DemoRealmBug;
			sourceTree = "<group>";
		};
		DE3A3E3F258FCA6A002B3695 /* Realm */ = {
			isa = PBXGroup;
			children = (
				DE3A3E3C258FCA24002B3695 /* Card.swift */,
				DE3A3E40258FCA78002B3695 /* Vault.swift */,
				DE3A3E44258FCC2C002B3695 /* Data_extension.swift */,
			);
			path = Realm;
			sourceTree = "<group>";
		};
/* End PBXGroup section */

/* Begin PBXNativeTarget section */
		DE3A3E1B258FC881002B3695 /* DemoRealmBug */ = {
			isa = PBXNativeTarget;
			buildConfigurationList = DE3A3E30258FC882002B3695 /* Build configuration list for PBXNativeTarget "DemoRealmBug" */;
			buildPhases = (
				DE3A3E18258FC881002B3695 /* Sources */,
				DE3A3E19258FC881002B3695 /* Frameworks */,
				DE3A3E1A258FC881002B3695 /* Resources */,
			);
			buildRules = (
			);
			dependencies = (
			);
			name = DemoRealmBug;
			packageProductDependencies = (
				DE3A3E35258FC904002B3695 /* Realm */,
				DE3A3E37258FC904002B3695 /* RealmSwift */,
			);
			productName = DemoRealmBug;
			productReference = DE3A3E1C258FC881002B3695 /* DemoRealmBug.app */;
			productType = "com.apple.product-type.application";
		};
/* End PBXNativeTarget section */

/* Begin PBXProject section */
		DE3A3E14258FC881002B3695 /* Project object */ = {
			isa = PBXProject;
			attributes = {
				LastSwiftUpdateCheck = 1230;
				LastUpgradeCheck = 1230;
				TargetAttributes = {
					DE3A3E1B258FC881002B3695 = {
						CreatedOnToolsVersion = 12.3;
					};
				};
			};
			buildConfigurationList = DE3A3E17258FC881002B3695 /* Build configuration list for PBXProject "DemoRealmBug" */;
			compatibilityVersion = "Xcode 9.3";
			developmentRegion = en;
			hasScannedForEncodings = 0;
			knownRegions = (
				en,
				Base,
			);
			mainGroup = DE3A3E13258FC881002B3695;
			packageReferences = (
				DE3A3E34258FC904002B3695 /* XCRemoteSwiftPackageReference "realm-cocoa" */,
			);
			productRefGroup = DE3A3E1D258FC881002B3695 /* Products */;
			projectDirPath = "";
			projectRoot = "";
			targets = (
				DE3A3E1B258FC881002B3695 /* DemoRealmBug */,
			);
		};
/* End PBXProject section */

/* Begin PBXResourcesBuildPhase section */
		DE3A3E1A258FC881002B3695 /* Resources */ = {
			isa = PBXResourcesBuildPhase;
			buildActionMask = 2147483647;
			files = (
				DE3A3E2C258FC882002B3695 /* LaunchScreen.storyboard in Resources */,
				DE3A3E29258FC882002B3695 /* Assets.xcassets in Resources */,
				DE3A3E27258FC881002B3695 /* Main.storyboard in Resources */,
			);
			runOnlyForDeploymentPostprocessing = 0;
		};
/* End PBXResourcesBuildPhase section */

/* Begin PBXSourcesBuildPhase section */
		DE3A3E18258FC881002B3695 /* Sources */ = {
			isa = PBXSourcesBuildPhase;
			buildActionMask = 2147483647;
			files = (
				DE3A3E24258FC881002B3695 /* ViewController.swift in Sources */,
				DE3A3E20258FC881002B3695 /* AppDelegate.swift in Sources */,
				DE3A3E22258FC881002B3695 /* SceneDelegate.swift in Sources */,
				DE3A3E45258FCC2C002B3695 /* Data_extension.swift in Sources */,
				DE3A3E3D258FCA24002B3695 /* Card.swift in Sources */,
				DE3A3E41258FCA78002B3695 /* Vault.swift in Sources */,
			);
			runOnlyForDeploymentPostprocessing = 0;
		};
/* End PBXSourcesBuildPhase section */

/* Begin PBXVariantGroup section */
		DE3A3E25258FC881002B3695 /* Main.storyboard */ = {
			isa = PBXVariantGroup;
			children = (
				DE3A3E26258FC881002B3695 /* Base */,
			);
			name = Main.storyboard;
			sourceTree = "<group>";
		};
		DE3A3E2A258FC882002B3695 /* LaunchScreen.storyboard */ = {
			isa = PBXVariantGroup;
			children = (
				DE3A3E2B258FC882002B3695 /* Base */,
			);
			name = LaunchScreen.storyboard;
			sourceTree = "<group>";
		};
/* End PBXVariantGroup section */

/* Begin XCBuildConfiguration section */
		DE3A3E2E258FC882002B3695 /* Debug */ = {
			isa = XCBuildConfiguration;
			buildSettings = {
				ALWAYS_SEARCH_USER_PATHS = NO;
				CLANG_ANALYZER_NONNULL = YES;
				CLANG_ANALYZER_NUMBER_OBJECT_CONVERSION = YES_AGGRESSIVE;
				CLANG_CXX_LANGUAGE_STANDARD = "gnu++14";
				CLANG_CXX_LIBRARY = "libc++";
				CLANG_ENABLE_MODULES = YES;
				CLANG_ENABLE_OBJC_ARC = YES;
				CLANG_ENABLE_OBJC_WEAK = YES;
				CLANG_WARN_BLOCK_CAPTURE_AUTORELEASING = YES;
				CLANG_WARN_BOOL_CONVERSION = YES;
				CLANG_WARN_COMMA = YES;
				CLANG_WARN_CONSTANT_CONVERSION = YES;
				CLANG_WARN_DEPRECATED_OBJC_IMPLEMENTATIONS = YES;
				CLANG_WARN_DIRECT_OBJC_ISA_USAGE = YES_ERROR;
				CLANG_WARN_DOCUMENTATION_COMMENTS = YES;
				CLANG_WARN_EMPTY_BODY = YES;
				CLANG_WARN_ENUM_CONVERSION = YES;
				CLANG_WARN_INFINITE_RECURSION = YES;
				CLANG_WARN_INT_CONVERSION = YES;
				CLANG_WARN_NON_LITERAL_NULL_CONVERSION = YES;
				CLANG_WARN_OBJC_IMPLICIT_RETAIN_SELF = YES;
				CLANG_WARN_OBJC_LITERAL_CONVERSION = YES;
				CLANG_WARN_OBJC_ROOT_CLASS = YES_ERROR;
				CLANG_WARN_QUOTED_INCLUDE_IN_FRAMEWORK_HEADER = YES;
				CLANG_WARN_RANGE_LOOP_ANALYSIS = YES;
				CLANG_WARN_STRICT_PROTOTYPES = YES;
				CLANG_WARN_SUSPICIOUS_MOVE = YES;
				CLANG_WARN_UNGUARDED_AVAILABILITY = YES_AGGRESSIVE;
				CLANG_WARN_UNREACHABLE_CODE = YES;
				CLANG_WARN__DUPLICATE_METHOD_MATCH = YES;
				COPY_PHASE_STRIP = NO;
				DEBUG_INFORMATION_FORMAT = dwarf;
				ENABLE_STRICT_OBJC_MSGSEND = YES;
				ENABLE_TESTABILITY = YES;
				GCC_C_LANGUAGE_STANDARD = gnu11;
				GCC_DYNAMIC_NO_PIC = NO;
				GCC_NO_COMMON_BLOCKS = YES;
				GCC_OPTIMIZATION_LEVEL = 0;
				GCC_PREPROCESSOR_DEFINITIONS = (
					"DEBUG=1",
					"$(inherited)",
				);
				GCC_WARN_64_TO_32_BIT_CONVERSION = YES;
				GCC_WARN_ABOUT_RETURN_TYPE = YES_ERROR;
				GCC_WARN_UNDECLARED_SELECTOR = YES;
				GCC_WARN_UNINITIALIZED_AUTOS = YES_AGGRESSIVE;
				GCC_WARN_UNUSED_FUNCTION = YES;
				GCC_WARN_UNUSED_VARIABLE = YES;
				IPHONEOS_DEPLOYMENT_TARGET = 14.3;
				MTL_ENABLE_DEBUG_INFO = INCLUDE_SOURCE;
				MTL_FAST_MATH = YES;
				ONLY_ACTIVE_ARCH = YES;
				SDKROOT = iphoneos;
				SWIFT_ACTIVE_COMPILATION_CONDITIONS = DEBUG;
				SWIFT_OPTIMIZATION_LEVEL = "-Onone";
			};
			name = Debug;
		};
		DE3A3E2F258FC882002B3695 /* Release */ = {
			isa = XCBuildConfiguration;
			buildSettings = {
				ALWAYS_SEARCH_USER_PATHS = NO;
				CLANG_ANALYZER_NONNULL = YES;
				CLANG_ANALYZER_NUMBER_OBJECT_CONVERSION = YES_AGGRESSIVE;
				CLANG_CXX_LANGUAGE_STANDARD = "gnu++14";
				CLANG_CXX_LIBRARY = "libc++";
				CLANG_ENABLE_MODULES = YES;
				CLANG_ENABLE_OBJC_ARC = YES;
				CLANG_ENABLE_OBJC_WEAK = YES;
				CLANG_WARN_BLOCK_CAPTURE_AUTORELEASING = YES;
				CLANG_WARN_BOOL_CONVERSION = YES;
				CLANG_WARN_COMMA = YES;
				CLANG_WARN_CONSTANT_CONVERSION = YES;
				CLANG_WARN_DEPRECATED_OBJC_IMPLEMENTATIONS = YES;
				CLANG_WARN_DIRECT_OBJC_ISA_USAGE = YES_ERROR;
				CLANG_WARN_DOCUMENTATION_COMMENTS = YES;
				CLANG_WARN_EMPTY_BODY = YES;
				CLANG_WARN_ENUM_CONVERSION = YES;
				CLANG_WARN_INFINITE_RECURSION = YES;
				CLANG_WARN_INT_CONVERSION = YES;
				CLANG_WARN_NON_LITERAL_NULL_CONVERSION = YES;
				CLANG_WARN_OBJC_IMPLICIT_RETAIN_SELF = YES;
				CLANG_WARN_OBJC_LITERAL_CONVERSION = YES;
				CLANG_WARN_OBJC_ROOT_CLASS = YES_ERROR;
				CLANG_WARN_QUOTED_INCLUDE_IN_FRAMEWORK_HEADER = YES;
				CLANG_WARN_RANGE_LOOP_ANALYSIS = YES;
				CLANG_WARN_STRICT_PROTOTYPES = YES;
				CLANG_WARN_SUSPICIOUS_MOVE = YES;
				CLANG_WARN_UNGUARDED_AVAILABILITY = YES_AGGRESSIVE;
				CLANG_WARN_UNREACHABLE_CODE = YES;
				CLANG_WARN__DUPLICATE_METHOD_MATCH = YES;
				COPY_PHASE_STRIP = NO;
				DEBUG_INFORMATION_FORMAT = "dwarf-with-dsym";
				ENABLE_NS_ASSERTIONS = NO;
				ENABLE_STRICT_OBJC_MSGSEND = YES;
				GCC_C_LANGUAGE_STANDARD = gnu11;
				GCC_NO_COMMON_BLOCKS = YES;
				GCC_WARN_64_TO_32_BIT_CONVERSION = YES;
				GCC_WARN_ABOUT_RETURN_TYPE = YES_ERROR;
				GCC_WARN_UNDECLARED_SELECTOR = YES;
				GCC_WARN_UNINITIALIZED_AUTOS = YES_AGGRESSIVE;
				GCC_WARN_UNUSED_FUNCTION = YES;
				GCC_WARN_UNUSED_VARIABLE = YES;
				IPHONEOS_DEPLOYMENT_TARGET = 14.3;
				MTL_ENABLE_DEBUG_INFO = NO;
				MTL_FAST_MATH = YES;
				SDKROOT = iphoneos;
				SWIFT_COMPILATION_MODE = wholemodule;
				SWIFT_OPTIMIZATION_LEVEL = "-O";
				VALIDATE_PRODUCT = YES;
			};
			name = Release;
		};
		DE3A3E31258FC882002B3695 /* Debug */ = {
			isa = XCBuildConfiguration;
			buildSettings = {
				ASSETCATALOG_COMPILER_APPICON_NAME = AppIcon;
				ASSETCATALOG_COMPILER_GLOBAL_ACCENT_COLOR_NAME = AccentColor;
				CODE_SIGN_ENTITLEMENTS = DemoRealmBug/DemoRealmBug.entitlements;
				CODE_SIGN_STYLE = Automatic;
				DEVELOPMENT_TEAM = AU9T7HA2AB;
				INFOPLIST_FILE = DemoRealmBug/Info.plist;
				IPHONEOS_DEPLOYMENT_TARGET = 13.0;
				"IPHONEOS_DEPLOYMENT_TARGET[sdk=macosx*]" = 13.1;
				LD_RUNPATH_SEARCH_PATHS = (
					"$(inherited)",
					"@executable_path/Frameworks",
				);
				PRODUCT_BUNDLE_IDENTIFIER = com.romainpenchenat.DemoRealmBug;
				PRODUCT_NAME = "$(TARGET_NAME)";
				SUPPORTS_MACCATALYST = YES;
				SWIFT_VERSION = 5.0;
				TARGETED_DEVICE_FAMILY = "1,2";
			};
			name = Debug;
		};
		DE3A3E32258FC882002B3695 /* Release */ = {
			isa = XCBuildConfiguration;
			buildSettings = {
				ASSETCATALOG_COMPILER_APPICON_NAME = AppIcon;
				ASSETCATALOG_COMPILER_GLOBAL_ACCENT_COLOR_NAME = AccentColor;
				CODE_SIGN_ENTITLEMENTS = DemoRealmBug/DemoRealmBug.entitlements;
				CODE_SIGN_STYLE = Automatic;
				DEVELOPMENT_TEAM = AU9T7HA2AB;
				INFOPLIST_FILE = DemoRealmBug/Info.plist;
				IPHONEOS_DEPLOYMENT_TARGET = 13.0;
				"IPHONEOS_DEPLOYMENT_TARGET[sdk=macosx*]" = 13.1;
				LD_RUNPATH_SEARCH_PATHS = (
					"$(inherited)",
					"@executable_path/Frameworks",
				);
				PRODUCT_BUNDLE_IDENTIFIER = com.romainpenchenat.DemoRealmBug;
				PRODUCT_NAME = "$(TARGET_NAME)";
				SUPPORTS_MACCATALYST = YES;
				SWIFT_VERSION = 5.0;
				TARGETED_DEVICE_FAMILY = "1,2";
			};
			name = Release;
		};
/* End XCBuildConfiguration section */

/* Begin XCConfigurationList section */
		DE3A3E17258FC881002B3695 /* Build configuration list for PBXProject "DemoRealmBug" */ = {
			isa = XCConfigurationList;
			buildConfigurations = (
				DE3A3E2E258FC882002B3695 /* Debug */,
				DE3A3E2F258FC882002B3695 /* Release */,
			);
			defaultConfigurationIsVisible = 0;
			defaultConfigurationName = Release;
		};
		DE3A3E30258FC882002B3695 /* Build configuration list for PBXNativeTarget "DemoRealmBug" */ = {
			isa = XCConfigurationList;
			buildConfigurations = (
				DE3A3E31258FC882002B3695 /* Debug */,
				DE3A3E32258FC882002B3695 /* Release */,
			);
			defaultConfigurationIsVisible = 0;
			defaultConfigurationName = Release;
		};
/* End XCConfigurationList section */

/* Begin XCRemoteSwiftPackageReference section */
		DE3A3E34258FC904002B3695 /* XCRemoteSwiftPackageReference "realm-cocoa" */ = {
			isa = XCRemoteSwiftPackageReference;
			repositoryURL = "https://github.com/realm/realm-cocoa";
			requirement = {
				kind = upToNextMajorVersion;
				minimumVersion = 10.5.0;
			};
		};
/* End XCRemoteSwiftPackageReference section */

/* Begin XCSwiftPackageProductDependency section */
		DE3A3E35258FC904002B3695 /* Realm */ = {
			isa = XCSwiftPackageProductDependency;
			package = DE3A3E34258FC904002B3695 /* XCRemoteSwiftPackageReference "realm-cocoa" */;
			productName = Realm;
		};
		DE3A3E37258FC904002B3695 /* RealmSwift */ = {
			isa = XCSwiftPackageProductDependency;
			package = DE3A3E34258FC904002B3695 /* XCRemoteSwiftPackageReference "realm-cocoa" */;
			productName = RealmSwift;
		};
/* End XCSwiftPackageProductDependency section */
	};
	rootObject = DE3A3E14258FC881002B3695 /* Project object */;
}
